{
  "lockfileVersion": 1,
  "configVersion": 1,
  "workspaces": {
    "": {
      "name": "@fluffylabs/jammin",
      "dependencies": {
        "eventemitter3": "5.0.1",
      },
      "devDependencies": {
        "@biomejs/biome": "2.3.8",
        "@types/bun": "^1.3.3",
      },
      "peerDependencies": {
        "typescript": "^5.9.3",
      },
    },
    "bin/cli": {
      "name": "@fluffylabs/jammin-cli",
      "version": "0.0.2",
      "bin": {
        "jammin": "./dist/index.js",
      },
      "dependencies": {
        "@clack/prompts": "^0.11.0",
        "@fluffylabs/jammin-sdk": "workspace:*",
        "@typeberry/lib": "0.5.2-9afefa7",
        "commander": "^14.0.2",
        "zod": "^4.1.13",
      },
      "devDependencies": {
        "@types/blake2b": "^2.1.3",
        "@types/bun": "^1.3.3",
      },
      "peerDependencies": {
        "typescript": "^5",
      },
    },
    "packages/jammin-sdk": {
      "name": "@fluffylabs/jammin-sdk",
      "version": "0.0.2",
      "dependencies": {
        "@typeberry/lib": "0.5.2-9afefa7",
      },
      "devDependencies": {
        "@tsconfig/node20": "^20.1.8",
        "@types/bun": "latest",
      },
      "peerDependencies": {
        "typescript": "^5",
      },
    },
  },
  "packages": {
    "@biomejs/biome": ["@biomejs/biome@2.3.8", "", { "optionalDependencies": { "@biomejs/cli-darwin-arm64": "2.3.8", "@biomejs/cli-darwin-x64": "2.3.8", "@biomejs/cli-linux-arm64": "2.3.8", "@biomejs/cli-linux-arm64-musl": "2.3.8", "@biomejs/cli-linux-x64": "2.3.8", "@biomejs/cli-linux-x64-musl": "2.3.8", "@biomejs/cli-win32-arm64": "2.3.8", "@biomejs/cli-win32-x64": "2.3.8" }, "bin": { "biome": "bin/biome" } }, "sha512-Qjsgoe6FEBxWAUzwFGFrB+1+M8y/y5kwmg5CHac+GSVOdmOIqsAiXM5QMVGZJ1eCUCLlPZtq4aFAQ0eawEUuUA=="],

    "@biomejs/cli-darwin-arm64": ["@biomejs/cli-darwin-arm64@2.3.8", "", { "os": "darwin", "cpu": "arm64" }, "sha512-HM4Zg9CGQ3txTPflxD19n8MFPrmUAjaC7PQdLkugeeC0cQ+PiVrd7i09gaBS/11QKsTDBJhVg85CEIK9f50Qww=="],

    "@biomejs/cli-darwin-x64": ["@biomejs/cli-darwin-x64@2.3.8", "", { "os": "darwin", "cpu": "x64" }, "sha512-lUDQ03D7y/qEao7RgdjWVGCu+BLYadhKTm40HkpJIi6kn8LSv5PAwRlew/DmwP4YZ9ke9XXoTIQDO1vAnbRZlA=="],

    "@biomejs/cli-linux-arm64": ["@biomejs/cli-linux-arm64@2.3.8", "", { "os": "linux", "cpu": "arm64" }, "sha512-Uo1OJnIkJgSgF+USx970fsM/drtPcQ39I+JO+Fjsaa9ZdCN1oysQmy6oAGbyESlouz+rzEckLTF6DS7cWse95g=="],

    "@biomejs/cli-linux-arm64-musl": ["@biomejs/cli-linux-arm64-musl@2.3.8", "", { "os": "linux", "cpu": "arm64" }, "sha512-PShR4mM0sjksUMyxbyPNMxoKFPVF48fU8Qe8Sfx6w6F42verbwRLbz+QiKNiDPRJwUoMG1nPM50OBL3aOnTevA=="],

    "@biomejs/cli-linux-x64": ["@biomejs/cli-linux-x64@2.3.8", "", { "os": "linux", "cpu": "x64" }, "sha512-QDPMD5bQz6qOVb3kiBui0zKZXASLo0NIQ9JVJio5RveBEFgDgsvJFUvZIbMbUZT3T00M/1wdzwWXk4GIh0KaAw=="],

    "@biomejs/cli-linux-x64-musl": ["@biomejs/cli-linux-x64-musl@2.3.8", "", { "os": "linux", "cpu": "x64" }, "sha512-YGLkqU91r1276uwSjiUD/xaVikdxgV1QpsicT0bIA1TaieM6E5ibMZeSyjQ/izBn4tKQthUSsVZacmoJfa3pDA=="],

    "@biomejs/cli-win32-arm64": ["@biomejs/cli-win32-arm64@2.3.8", "", { "os": "win32", "cpu": "arm64" }, "sha512-H4IoCHvL1fXKDrTALeTKMiE7GGWFAraDwBYFquE/L/5r1927Te0mYIGseXi4F+lrrwhSWbSGt5qPFswNoBaCxg=="],

    "@biomejs/cli-win32-x64": ["@biomejs/cli-win32-x64@2.3.8", "", { "os": "win32", "cpu": "x64" }, "sha512-RguzimPoZWtBapfKhKjcWXBVI91tiSprqdBYu7tWhgN8pKRZhw24rFeNZTNf6UiBfjCYCi9eFQs/JzJZIhuK4w=="],

    "@clack/core": ["@clack/core@0.5.0", "", { "dependencies": { "picocolors": "^1.0.0", "sisteransi": "^1.0.5" } }, "sha512-p3y0FIOwaYRUPRcMO7+dlmLh8PSRcrjuTndsiA0WAFbWES0mLZlrjVoBRZ9DzkPFJZG6KGkJmoEAY0ZcVWTkow=="],

    "@clack/prompts": ["@clack/prompts@0.11.0", "", { "dependencies": { "@clack/core": "0.5.0", "picocolors": "^1.0.0", "sisteransi": "^1.0.5" } }, "sha512-pMN5FcrEw9hUkZA4f+zLlzivQSeQf5dRGJjSUbvVYDLvpKCdQx5OaknvKzgbtXOizhP+SJJJjqEbOe55uKKfAw=="],

    "@fluffylabs/anan-as": ["@fluffylabs/anan-as@1.1.5", "", {}, "sha512-TRCCd5npU38ozMBPPj/0wzCrZ+brsnXL9oZQ1lC38s6OnBeg8cznLMaMNU3GCpR2FpU52dusq7ZgNeoUcAmoSQ=="],

    "@fluffylabs/jammin-cli": ["@fluffylabs/jammin-cli@workspace:bin/cli"],

    "@fluffylabs/jammin-sdk": ["@fluffylabs/jammin-sdk@workspace:packages/jammin-sdk"],

    "@noble/ed25519": ["@noble/ed25519@2.2.3", "", {}, "sha512-iHV8eI2mRcUmOx159QNrU8vTpQ/Xm70yJ2cTk3Trc86++02usfqFoNl6x0p3JN81ZDS/1gx6xiK0OwrgqCT43g=="],

    "@tsconfig/node20": ["@tsconfig/node20@20.1.8", "", {}, "sha512-Em+IdPfByIzWRRpqWL4Z7ArLHZGxmc36BxE3jCz9nBFSm+5aLaPMZyjwu4yetvyKXeogWcxik4L1jB5JTWfw7A=="],

    "@typeberry/lib": ["@typeberry/lib@0.5.2-9afefa7", "", { "dependencies": { "@fluffylabs/anan-as": "^1.1.5", "@noble/ed25519": "2.2.3", "@typeberry/native": "0.0.4-4c0cd28", "hash-wasm": "4.12.0" } }, "sha512-8RgtMK29flVgYRF8FEoTuwc249NLajBuQ7/fc+24bc8gNDkJH39mJiPz5TQKPcOPNQ6MSKnayMNO6u+i125RJA=="],

    "@typeberry/native": ["@typeberry/native@0.0.4-4c0cd28", "", {}, "sha512-VhZiiSYex3/jDk1I8PlcwPxiM9GslryGxdG+4sbbjNvpr1JxRkH0fAdUnKzxAxGYPNz2MOfwHTmTdVcrk1a5rA=="],

    "@types/blake2b": ["@types/blake2b@2.1.3", "", {}, "sha512-MFCdX0MNxFBP/xEILO5Td0kv6nI7+Q2iRWZbTL/yzH2/eDVZS5Wd1LHdsmXClvsCyzqaZfHFzZaN6BUeUCfSDA=="],

    "@types/bun": ["@types/bun@1.3.6", "", { "dependencies": { "bun-types": "1.3.6" } }, "sha512-uWCv6FO/8LcpREhenN1d1b6fcspAB+cefwD7uti8C8VffIv0Um08TKMn98FynpTiU38+y2dUO55T11NgDt8VAA=="],

    "@types/node": ["@types/node@25.0.8", "", { "dependencies": { "undici-types": "~7.16.0" } }, "sha512-powIePYMmC3ibL0UJ2i2s0WIbq6cg6UyVFQxSCpaPxxzAaziRfimGivjdF943sSGV6RADVbk0Nvlm5P/FB44Zg=="],

    "bun-types": ["bun-types@1.3.6", "", { "dependencies": { "@types/node": "*" } }, "sha512-OlFwHcnNV99r//9v5IIOgQ9Uk37gZqrNMCcqEaExdkVq3Avwqok1bJFmvGMCkCE0FqzdY8VMOZpfpR3lwI+CsQ=="],

    "commander": ["commander@14.0.2", "", {}, "sha512-TywoWNNRbhoD0BXs1P3ZEScW8W5iKrnbithIl0YH+uCmBd0QpPOA8yc82DS3BIE5Ma6FnBVUsJ7wVUDz4dvOWQ=="],

    "eventemitter3": ["eventemitter3@5.0.1", "", {}, "sha512-GWkBvjiSZK87ELrYOSESUYeVIc9mvLLf/nXalMOS5dYrgZq9o5OVkbZAVM06CVxYsCwH9BDZFPlQTlPA1j4ahA=="],

    "hash-wasm": ["hash-wasm@4.12.0", "", {}, "sha512-+/2B2rYLb48I/evdOIhP+K/DD2ca2fgBjp6O+GBEnCDk2e4rpeXIK8GvIyRPjTezgmWn9gmKwkQjjx6BtqDHVQ=="],

    "picocolors": ["picocolors@1.1.1", "", {}, "sha512-xceH2snhtb5M9liqDsmEw56le376mTZkEX/jEb/RxNFyegNul7eNslCXP9FDj/Lcu0X8KEyMceP2ntpaHrDEVA=="],

    "sisteransi": ["sisteransi@1.0.5", "", {}, "sha512-bLGGlR1QxBcynn2d5YmDX4MGjlZvy2MRBDRNHLJ8VI6l6+9FUiyTFNJ0IveOSP0bcXgVDPRcfGqA0pjaqUpfVg=="],

    "typescript": ["typescript@5.9.3", "", { "bin": { "tsc": "bin/tsc", "tsserver": "bin/tsserver" } }, "sha512-jl1vZzPDinLr9eUt3J/t7V6FgNEw9QjvBPdysz9KfQDD41fQrC2Y4vKQdiaUpFT4bXlb1RHhLpp8wtm6M5TgSw=="],

    "undici-types": ["undici-types@7.16.0", "", {}, "sha512-Zz+aZWSj8LE6zoxD+xrjh4VfkIG8Ya6LvYkZqtUQGJPZjYl53ypCaUwWqo7eI0x66KBGeRo+mlBEkMSeSZ38Nw=="],

    "zod": ["zod@4.3.5", "", {}, "sha512-k7Nwx6vuWx1IJ9Bjuf4Zt1PEllcwe7cls3VNzm4CQ1/hgtFUK2bRNG3rvnpPUhFjmqJKAKtjV576KnUkHocg/g=="],
  }
}
